
Microsoft Visual Studio Solution File, Format Version 12.00
# Visual Studio 15
VisualStudioVersion = 15.0.28010.2019
MinimumVisualStudioVersion = 10.0.40219.1
Project("{8BC9CEB8-8B4A-11D0-8D11-00A0C91BC942}") = "Ex01", "Ex01\Ex01.vcxproj", "{274E6BE7-1BE4-411A-8B34-531933019D65}"
EndProject
Project("{8BC9CEB8-8B4A-11D0-8D11-00A0C91BC942}") = "Ex02", "Ex02\Ex02.vcxproj", "{BEA86A0A-F02D-481B-B907-E423A6A8EE5F}"
EndProject
Global
	GlobalSection(SolutionConfigurationPlatforms) = preSolution
		Debug|x64 = Debug|x64
		Debug|x86 = Debug|x86
		Release|x64 = Release|x64
		Release|x86 = Release|x86
	EndGlobalSection
	GlobalSection(ProjectConfigurationPlatforms) = postSolution
		{274E6BE7-1BE4-411A-8B34-531933019D65}.Debug|x64.ActiveCfg = Debug|x64
		{274E6BE7-1BE4-411A-8B34-531933019D65}.Debug|x64.Build.0 = Debug|x64
		{274E6BE7-1BE4-411A-8B34-531933019D65}.Debug|x86.ActiveCfg = Debug|Win32
		{274E6BE7-1BE4-411A-8B34-531933019D65}.Debug|x86.Build.0 = Debug|Win32
		{274E6BE7-1BE4-411A-8B34-531933019D65}.Release|x64.ActiveCfg = Release|x64
		{274E6BE7-1BE4-411A-8B34-531933019D65}.Release|x64.Build.0 = Release|x64
		{274E6BE7-1BE4-411A-8B34-531933019D65}.Release|x86.ActiveCfg = Release|Win32
		{274E6BE7-1BE4-411A-8B34-531933019D65}.Release|x86.Build.0 = Release|Win32
		{BEA86A0A-F02D-481B-B907-E423A6A8EE5F}.Debug|x64.ActiveCfg = Debug|x64
		{BEA86A0A-F02D-481B-B907-E423A6A8EE5F}.Debug|x64.Build.0 = Debug|x64
		{BEA86A0A-F02D-481B-B907-E423A6A8EE5F}.Debug|x86.ActiveCfg = Debug|Win32
		{BEA86A0A-F02D-481B-B907-E423A6A8EE5F}.Debug|x86.Build.0 = Debug|Win32
		{BEA86A0A-F02D-481B-B907-E423A6A8EE5F}.Release|x64.ActiveCfg = Release|x64
		{BEA86A0A-F02D-481B-B907-E423A6A8EE5F}.Release|x64.Build.0 = Release|x64
		{BEA86A0A-F02D-481B-B907-E423A6A8EE5F}.Release|x86.ActiveCfg = Release|Win32
		{BEA86A0A-F02D-481B-B907-E423A6A8EE5F}.Release|x86.Build.0 = Release|Win32
	EndGlobalSection
	GlobalSection(SolutionProperties) = preSolution
		HideSolutionNode = FALSE
	EndGlobalSection
	GlobalSection(ExtensibilityGlobals) = postSolution
		SolutionGuid = {BE81D404-7502-4609-BC89-36BBFB9014B3}
	EndGlobalSection
EndGlobal
